
Microsoft Visual Studio Solution File, Format Version 12.00
# Visual Studio Version 17
VisualStudioVersion = 17.0.31903.59
MinimumVisualStudioVersion = 10.0.40219.1
Project("{FAE04EC0-301F-11D3-BF4B-00C04F79EFBC}") = "ESB.Messaging", "ESB.Messaging\ESB.Messaging.csproj", "{DE687245-87BE-41EF-B99C-C2B0195E1F8C}"
EndProject
Project("{FAE04EC0-301F-11D3-BF4B-00C04F79EFBC}") = "ESB", "ESB\ESB.csproj", "{A37A6DAB-8868-4E8D-942C-8438135E0B51}"
EndProject
Project("{2150E333-8FDC-42A3-9474-1A3956D46DE8}") = "EDNAClient", "EDNAClient", "{963291BB-8CCD-F171-A212-F785B4C96764}"
EndProject
Project("{FAE04EC0-301F-11D3-BF4B-00C04F79EFBC}") = "EDNA", "EDNAClient\EDNA.csproj", "{F47CBAF3-90F2-441B-A9E4-BD3BFDC232F0}"
EndProject
Project("{FAE04EC0-301F-11D3-BF4B-00C04F79EFBC}") = "ESBTests", "ESBTests\ESBTests.csproj", "{6F121E2C-0133-4E6E-89E6-081DBC6E44C9}"
EndProject
Global
	GlobalSection(SolutionConfigurationPlatforms) = preSolution
		Debug|Any CPU = Debug|Any CPU
		Debug|x64 = Debug|x64
		Debug|x86 = Debug|x86
		Release|Any CPU = Release|Any CPU
		Release|x64 = Release|x64
		Release|x86 = Release|x86
	EndGlobalSection
	GlobalSection(ProjectConfigurationPlatforms) = postSolution
		{DE687245-87BE-41EF-B99C-C2B0195E1F8C}.Debug|Any CPU.ActiveCfg = Debug|Any CPU
		{DE687245-87BE-41EF-B99C-C2B0195E1F8C}.Debug|Any CPU.Build.0 = Debug|Any CPU
		{DE687245-87BE-41EF-B99C-C2B0195E1F8C}.Debug|x64.ActiveCfg = Debug|Any CPU
		{DE687245-87BE-41EF-B99C-C2B0195E1F8C}.Debug|x64.Build.0 = Debug|Any CPU
		{DE687245-87BE-41EF-B99C-C2B0195E1F8C}.Debug|x86.ActiveCfg = Debug|Any CPU
		{DE687245-87BE-41EF-B99C-C2B0195E1F8C}.Debug|x86.Build.0 = Debug|Any CPU
		{DE687245-87BE-41EF-B99C-C2B0195E1F8C}.Release|Any CPU.ActiveCfg = Release|Any CPU
		{DE687245-87BE-41EF-B99C-C2B0195E1F8C}.Release|Any CPU.Build.0 = Release|Any CPU
		{DE687245-87BE-41EF-B99C-C2B0195E1F8C}.Release|x64.ActiveCfg = Release|Any CPU
		{DE687245-87BE-41EF-B99C-C2B0195E1F8C}.Release|x64.Build.0 = Release|Any CPU
		{DE687245-87BE-41EF-B99C-C2B0195E1F8C}.Release|x86.ActiveCfg = Release|Any CPU
		{DE687245-87BE-41EF-B99C-C2B0195E1F8C}.Release|x86.Build.0 = Release|Any CPU
		{A37A6DAB-8868-4E8D-942C-8438135E0B51}.Debug|Any CPU.ActiveCfg = Debug|Any CPU
		{A37A6DAB-8868-4E8D-942C-8438135E0B51}.Debug|Any CPU.Build.0 = Debug|Any CPU
		{A37A6DAB-8868-4E8D-942C-8438135E0B51}.Debug|x64.ActiveCfg = Debug|Any CPU
		{A37A6DAB-8868-4E8D-942C-8438135E0B51}.Debug|x64.Build.0 = Debug|Any CPU
		{A37A6DAB-8868-4E8D-942C-8438135E0B51}.Debug|x86.ActiveCfg = Debug|Any CPU
		{A37A6DAB-8868-4E8D-942C-8438135E0B51}.Debug|x86.Build.0 = Debug|Any CPU
		{A37A6DAB-8868-4E8D-942C-8438135E0B51}.Release|Any CPU.ActiveCfg = Release|Any CPU
		{A37A6DAB-8868-4E8D-942C-8438135E0B51}.Release|Any CPU.Build.0 = Release|Any CPU
		{A37A6DAB-8868-4E8D-942C-8438135E0B51}.Release|x64.ActiveCfg = Release|Any CPU
		{A37A6DAB-8868-4E8D-942C-8438135E0B51}.Release|x64.Build.0 = Release|Any CPU
		{A37A6DAB-8868-4E8D-942C-8438135E0B51}.Release|x86.ActiveCfg = Release|Any CPU
		{A37A6DAB-8868-4E8D-942C-8438135E0B51}.Release|x86.Build.0 = Release|Any CPU
		{F47CBAF3-90F2-441B-A9E4-BD3BFDC232F0}.Debug|Any CPU.ActiveCfg = Debug|Any CPU
		{F47CBAF3-90F2-441B-A9E4-BD3BFDC232F0}.Debug|Any CPU.Build.0 = Debug|Any CPU
		{F47CBAF3-90F2-441B-A9E4-BD3BFDC232F0}.Debug|x64.ActiveCfg = Debug|Any CPU
		{F47CBAF3-90F2-441B-A9E4-BD3BFDC232F0}.Debug|x64.Build.0 = Debug|Any CPU
		{F47CBAF3-90F2-441B-A9E4-BD3BFDC232F0}.Debug|x86.ActiveCfg = Debug|Any CPU
		{F47CBAF3-90F2-441B-A9E4-BD3BFDC232F0}.Debug|x86.Build.0 = Debug|Any CPU
		{F47CBAF3-90F2-441B-A9E4-BD3BFDC232F0}.Release|Any CPU.ActiveCfg = Release|Any CPU
		{F47CBAF3-90F2-441B-A9E4-BD3BFDC232F0}.Release|Any CPU.Build.0 = Release|Any CPU
		{F47CBAF3-90F2-441B-A9E4-BD3BFDC232F0}.Release|x64.ActiveCfg = Release|Any CPU
		{F47CBAF3-90F2-441B-A9E4-BD3BFDC232F0}.Release|x64.Build.0 = Release|Any CPU
		{F47CBAF3-90F2-441B-A9E4-BD3BFDC232F0}.Release|x86.ActiveCfg = Release|Any CPU
		{F47CBAF3-90F2-441B-A9E4-BD3BFDC232F0}.Release|x86.Build.0 = Release|Any CPU
		{6F121E2C-0133-4E6E-89E6-081DBC6E44C9}.Debug|Any CPU.ActiveCfg = Debug|Any CPU
		{6F121E2C-0133-4E6E-89E6-081DBC6E44C9}.Debug|Any CPU.Build.0 = Debug|Any CPU
		{6F121E2C-0133-4E6E-89E6-081DBC6E44C9}.Debug|x64.ActiveCfg = Debug|Any CPU
		{6F121E2C-0133-4E6E-89E6-081DBC6E44C9}.Debug|x64.Build.0 = Debug|Any CPU
		{6F121E2C-0133-4E6E-89E6-081DBC6E44C9}.Debug|x86.ActiveCfg = Debug|Any CPU
		{6F121E2C-0133-4E6E-89E6-081DBC6E44C9}.Debug|x86.Build.0 = Debug|Any CPU
		{6F121E2C-0133-4E6E-89E6-081DBC6E44C9}.Release|Any CPU.ActiveCfg = Release|Any CPU
		{6F121E2C-0133-4E6E-89E6-081DBC6E44C9}.Release|Any CPU.Build.0 = Release|Any CPU
		{6F121E2C-0133-4E6E-89E6-081DBC6E44C9}.Release|x64.ActiveCfg = Release|Any CPU
		{6F121E2C-0133-4E6E-89E6-081DBC6E44C9}.Release|x64.Build.0 = Release|Any CPU
		{6F121E2C-0133-4E6E-89E6-081DBC6E44C9}.Release|x86.ActiveCfg = Release|Any CPU
		{6F121E2C-0133-4E6E-89E6-081DBC6E44C9}.Release|x86.Build.0 = Release|Any CPU
	EndGlobalSection
	GlobalSection(SolutionProperties) = preSolution
		HideSolutionNode = FALSE
	EndGlobalSection
	GlobalSection(NestedProjects) = preSolution
		{F47CBAF3-90F2-441B-A9E4-BD3BFDC232F0} = {963291BB-8CCD-F171-A212-F785B4C96764}
		{6F121E2C-0133-4E6E-89E6-081DBC6E44C9} = {963291BB-8CCD-F171-A212-F785B4C96764}
	EndGlobalSection
EndGlobal
