
Microsoft Visual Studio Solution File, Format Version 12.00
# Visual Studio Version 17
VisualStudioVersion = 17.5.33516.290
MinimumVisualStudioVersion = 10.0.40219.1
Project("{FAE04EC0-301F-11D3-BF4B-00C04F79EFBC}") = "ESB", "ESB\ESB.csproj", "{E2635A92-F80B-49ED-8EFB-899DECF14DFF}"
EndProject
Project("{2150E333-8FDC-42A3-9474-1A3956D46DE8}") = "Docs", "Docs", "{51ED3B37-2CA8-40C7-B72B-6C71F85FF731}"
	ProjectSection(SolutionItems) = preProject
		License.txt = License.txt
		ReadMe.txt = ReadMe.txt
		TopicFormat.txt = TopicFormat.txt
	EndProjectSection
EndProject
Project("{FAE04EC0-301F-11D3-BF4B-00C04F79EFBC}") = "ESB.ModApi", "ESB.ModApi\ESB.ModApi.csproj", "{A3C62CC7-17B5-4DEA-B3A4-8FE646E268BB}"
EndProject
Project("{FAE04EC0-301F-11D3-BF4B-00C04F79EFBC}") = "ESB.Gatetech", "ESB.Gatetech\ESB.Gatetech.csproj", "{C3EEAE0E-6A70-42D1-AD53-36E934B1F11B}"
EndProject
Project("{9A19103F-16F7-4668-BE54-9A1E7A4F7556}") = "Console.Gatetech", "Console.Gatetech\Console.Gatetech.csproj", "{083CDB3B-5DEB-473A-BA96-EA6594AA7364}"
EndProject
Project("{9A19103F-16F7-4668-BE54-9A1E7A4F7556}") = "Console.Datalog", "Console.Datalog\Console.Datalog.csproj", "{7F1CF5A5-CE85-47C9-AB78-70BC5E84795D}"
EndProject
Project("{FAE04EC0-301F-11D3-BF4B-00C04F79EFBC}") = "Console.SoundMan", "Console.SoundMan\Console.SoundMan.csproj", "{D808FF5A-1687-4B39-BA74-1D36FEAC41D6}"
EndProject
Project("{2150E333-8FDC-42A3-9474-1A3956D46DE8}") = "Solution Items", "Solution Items", "{46965BBB-53DB-4BA4-A6E2-DCAAC1BD4279}"
	ProjectSection(SolutionItems) = preProject
		README.md = README.md
	EndProjectSection
EndProject
Global
	GlobalSection(SolutionConfigurationPlatforms) = preSolution
		Debug|Any CPU = Debug|Any CPU
		Release|Any CPU = Release|Any CPU
	EndGlobalSection
	GlobalSection(ProjectConfigurationPlatforms) = postSolution
		{E2635A92-F80B-49ED-8EFB-899DECF14DFF}.Debug|Any CPU.ActiveCfg = Debug|Any CPU
		{E2635A92-F80B-49ED-8EFB-899DECF14DFF}.Debug|Any CPU.Build.0 = Debug|Any CPU
		{E2635A92-F80B-49ED-8EFB-899DECF14DFF}.Release|Any CPU.ActiveCfg = Release|Any CPU
		{E2635A92-F80B-49ED-8EFB-899DECF14DFF}.Release|Any CPU.Build.0 = Release|Any CPU
		{A3C62CC7-17B5-4DEA-B3A4-8FE646E268BB}.Debug|Any CPU.ActiveCfg = Debug|Any CPU
		{A3C62CC7-17B5-4DEA-B3A4-8FE646E268BB}.Debug|Any CPU.Build.0 = Debug|Any CPU
		{A3C62CC7-17B5-4DEA-B3A4-8FE646E268BB}.Release|Any CPU.ActiveCfg = Release|Any CPU
		{A3C62CC7-17B5-4DEA-B3A4-8FE646E268BB}.Release|Any CPU.Build.0 = Release|Any CPU
		{C3EEAE0E-6A70-42D1-AD53-36E934B1F11B}.Debug|Any CPU.ActiveCfg = Debug|Any CPU
		{C3EEAE0E-6A70-42D1-AD53-36E934B1F11B}.Debug|Any CPU.Build.0 = Debug|Any CPU
		{C3EEAE0E-6A70-42D1-AD53-36E934B1F11B}.Release|Any CPU.ActiveCfg = Release|Any CPU
		{C3EEAE0E-6A70-42D1-AD53-36E934B1F11B}.Release|Any CPU.Build.0 = Release|Any CPU
		{083CDB3B-5DEB-473A-BA96-EA6594AA7364}.Debug|Any CPU.ActiveCfg = Debug|Any CPU
		{083CDB3B-5DEB-473A-BA96-EA6594AA7364}.Debug|Any CPU.Build.0 = Debug|Any CPU
		{083CDB3B-5DEB-473A-BA96-EA6594AA7364}.Release|Any CPU.ActiveCfg = Release|Any CPU
		{083CDB3B-5DEB-473A-BA96-EA6594AA7364}.Release|Any CPU.Build.0 = Release|Any CPU
		{7F1CF5A5-CE85-47C9-AB78-70BC5E84795D}.Debug|Any CPU.ActiveCfg = Debug|Any CPU
		{7F1CF5A5-CE85-47C9-AB78-70BC5E84795D}.Debug|Any CPU.Build.0 = Debug|Any CPU
		{7F1CF5A5-CE85-47C9-AB78-70BC5E84795D}.Release|Any CPU.ActiveCfg = Release|Any CPU
		{7F1CF5A5-CE85-47C9-AB78-70BC5E84795D}.Release|Any CPU.Build.0 = Release|Any CPU
		{D808FF5A-1687-4B39-BA74-1D36FEAC41D6}.Debug|Any CPU.ActiveCfg = Debug|Any CPU
		{D808FF5A-1687-4B39-BA74-1D36FEAC41D6}.Debug|Any CPU.Build.0 = Debug|Any CPU
		{D808FF5A-1687-4B39-BA74-1D36FEAC41D6}.Release|Any CPU.ActiveCfg = Release|Any CPU
		{D808FF5A-1687-4B39-BA74-1D36FEAC41D6}.Release|Any CPU.Build.0 = Release|Any CPU
	EndGlobalSection
	GlobalSection(SolutionProperties) = preSolution
		HideSolutionNode = FALSE
	EndGlobalSection
	GlobalSection(ExtensibilityGlobals) = postSolution
		SolutionGuid = {57610A57-F50A-45F8-A225-1474E884C014}
	EndGlobalSection
EndGlobal
